
Microsoft Visual Studio Solution File, Format Version 12.00
# Visual Studio 14
VisualStudioVersion = 14.0.23107.0
MinimumVisualStudioVersion = 10.0.40219.1
Project("{FAE04EC0-301F-11D3-BF4B-00C04F79EFBC}") = "WatermarksManager", "WatermarksManager\WatermarksManager.csproj", "{50CD47B6-515C-4202-A043-7150694E88B1}"
EndProject
Project("{FAE04EC0-301F-11D3-BF4B-00C04F79EFBC}") = "WatermarksManagerWeb", "WatermarksManagerWeb\WatermarksManagerWeb.csproj", "{4C7EA4B1-D879-4D67-812B-CCB97CE98F6C}"
EndProject
Global
	GlobalSection(SolutionConfigurationPlatforms) = preSolution
		Debug|Any CPU = Debug|Any CPU
		Release|Any CPU = Release|Any CPU
	EndGlobalSection
	GlobalSection(ProjectConfigurationPlatforms) = postSolution
		{50CD47B6-515C-4202-A043-7150694E88B1}.Debug|Any CPU.ActiveCfg = Debug|Any CPU
		{50CD47B6-515C-4202-A043-7150694E88B1}.Debug|Any CPU.Build.0 = Debug|Any CPU
		{50CD47B6-515C-4202-A043-7150694E88B1}.Debug|Any CPU.Deploy.0 = Debug|Any CPU
		{50CD47B6-515C-4202-A043-7150694E88B1}.Release|Any CPU.ActiveCfg = Release|Any CPU
		{50CD47B6-515C-4202-A043-7150694E88B1}.Release|Any CPU.Build.0 = Release|Any CPU
		{50CD47B6-515C-4202-A043-7150694E88B1}.Release|Any CPU.Deploy.0 = Release|Any CPU
		{4C7EA4B1-D879-4D67-812B-CCB97CE98F6C}.Debug|Any CPU.ActiveCfg = Debug|Any CPU
		{4C7EA4B1-D879-4D67-812B-CCB97CE98F6C}.Debug|Any CPU.Build.0 = Debug|Any CPU
		{4C7EA4B1-D879-4D67-812B-CCB97CE98F6C}.Release|Any CPU.ActiveCfg = Release|Any CPU
		{4C7EA4B1-D879-4D67-812B-CCB97CE98F6C}.Release|Any CPU.Build.0 = Release|Any CPU
	EndGlobalSection
	GlobalSection(SolutionProperties) = preSolution
		HideSolutionNode = FALSE
	EndGlobalSection
EndGlobal
